Microsoft Visual Studio Solution File, Format Version 12.00
# Visual Studio 15
VisualStudioVersion = 15.0.27130.2036
MinimumVisualStudioVersion = 15.0.26124.0
Project("{6EC3EE1D-3C4E-46DD-8F32-0CC8E7565705}") = "OffWidth", "OffWidth\OffWidth.fsproj", "{72048FF8-BEAB-4B38-B793-AF43126FF71E}"
EndProject
Project("{6EC3EE1D-3C4E-46DD-8F32-0CC8E7565705}") = "OffWidth.Core", "OffWidth.Core\OffWidth.Core.fsproj", "{07EA3EEC-50DC-4AFD-B980-233268206122}"
EndProject
Project("{6EC3EE1D-3C4E-46DD-8F32-0CC8E7565705}") = "OffWidth.ConsoleTest", "OffWidth.ConsoleTest\OffWidth.ConsoleTest.fsproj", "{13454CA2-312C-422B-998A-75604E76DFAA}"
EndProject
Project("{6EC3EE1D-3C4E-46DD-8F32-0CC8E7565705}") = "OffWidth.Postgres", "OffWidth.Postgres\OffWidth.Postgres.fsproj", "{D7CA7E36-C79F-4D95-9FF0-D764F1D2A77D}"
EndProject
Project("{6EC3EE1D-3C4E-46DD-8F32-0CC8E7565705}") = "OffWidth.Specs", "OffWidth.Specs\OffWidth.Specs.fsproj", "{9C2F7C0A-B246-480E-8156-1CCBC63276D1}"
EndProject
Global
	GlobalSection(SolutionConfigurationPlatforms) = preSolution
		Debug|Any CPU = Debug|Any CPU
		Debug|x64 = Debug|x64
		Debug|x86 = Debug|x86
		Release|Any CPU = Release|Any CPU
		Release|x64 = Release|x64
		Release|x86 = Release|x86
	EndGlobalSection
	GlobalSection(ProjectConfigurationPlatforms) = postSolution
		{72048FF8-BEAB-4B38-B793-AF43126FF71E}.Debug|Any CPU.ActiveCfg = Debug|Any CPU
		{72048FF8-BEAB-4B38-B793-AF43126FF71E}.Debug|Any CPU.Build.0 = Debug|Any CPU
		{72048FF8-BEAB-4B38-B793-AF43126FF71E}.Debug|x64.ActiveCfg = Debug|Any CPU
		{72048FF8-BEAB-4B38-B793-AF43126FF71E}.Debug|x64.Build.0 = Debug|Any CPU
		{72048FF8-BEAB-4B38-B793-AF43126FF71E}.Debug|x86.ActiveCfg = Debug|Any CPU
		{72048FF8-BEAB-4B38-B793-AF43126FF71E}.Debug|x86.Build.0 = Debug|Any CPU
		{72048FF8-BEAB-4B38-B793-AF43126FF71E}.Release|Any CPU.ActiveCfg = Release|Any CPU
		{72048FF8-BEAB-4B38-B793-AF43126FF71E}.Release|Any CPU.Build.0 = Release|Any CPU
		{72048FF8-BEAB-4B38-B793-AF43126FF71E}.Release|x64.ActiveCfg = Release|Any CPU
		{72048FF8-BEAB-4B38-B793-AF43126FF71E}.Release|x64.Build.0 = Release|Any CPU
		{72048FF8-BEAB-4B38-B793-AF43126FF71E}.Release|x86.ActiveCfg = Release|Any CPU
		{72048FF8-BEAB-4B38-B793-AF43126FF71E}.Release|x86.Build.0 = Release|Any CPU
		{07EA3EEC-50DC-4AFD-B980-233268206122}.Debug|Any CPU.ActiveCfg = Debug|Any CPU
		{07EA3EEC-50DC-4AFD-B980-233268206122}.Debug|Any CPU.Build.0 = Debug|Any CPU
		{07EA3EEC-50DC-4AFD-B980-233268206122}.Debug|x64.ActiveCfg = Debug|Any CPU
		{07EA3EEC-50DC-4AFD-B980-233268206122}.Debug|x64.Build.0 = Debug|Any CPU
		{07EA3EEC-50DC-4AFD-B980-233268206122}.Debug|x86.ActiveCfg = Debug|Any CPU
		{07EA3EEC-50DC-4AFD-B980-233268206122}.Debug|x86.Build.0 = Debug|Any CPU
		{07EA3EEC-50DC-4AFD-B980-233268206122}.Release|Any CPU.ActiveCfg = Release|Any CPU
		{07EA3EEC-50DC-4AFD-B980-233268206122}.Release|Any CPU.Build.0 = Release|Any CPU
		{07EA3EEC-50DC-4AFD-B980-233268206122}.Release|x64.ActiveCfg = Release|Any CPU
		{07EA3EEC-50DC-4AFD-B980-233268206122}.Release|x64.Build.0 = Release|Any CPU
		{07EA3EEC-50DC-4AFD-B980-233268206122}.Release|x86.ActiveCfg = Release|Any CPU
		{07EA3EEC-50DC-4AFD-B980-233268206122}.Release|x86.Build.0 = Release|Any CPU
		{13454CA2-312C-422B-998A-75604E76DFAA}.Debug|Any CPU.ActiveCfg = Debug|Any CPU
		{13454CA2-312C-422B-998A-75604E76DFAA}.Debug|Any CPU.Build.0 = Debug|Any CPU
		{13454CA2-312C-422B-998A-75604E76DFAA}.Debug|x64.ActiveCfg = Debug|Any CPU
		{13454CA2-312C-422B-998A-75604E76DFAA}.Debug|x64.Build.0 = Debug|Any CPU
		{13454CA2-312C-422B-998A-75604E76DFAA}.Debug|x86.ActiveCfg = Debug|Any CPU
		{13454CA2-312C-422B-998A-75604E76DFAA}.Debug|x86.Build.0 = Debug|Any CPU
		{13454CA2-312C-422B-998A-75604E76DFAA}.Release|Any CPU.ActiveCfg = Release|Any CPU
		{13454CA2-312C-422B-998A-75604E76DFAA}.Release|Any CPU.Build.0 = Release|Any CPU
		{13454CA2-312C-422B-998A-75604E76DFAA}.Release|x64.ActiveCfg = Release|Any CPU
		{13454CA2-312C-422B-998A-75604E76DFAA}.Release|x64.Build.0 = Release|Any CPU
		{13454CA2-312C-422B-998A-75604E76DFAA}.Release|x86.ActiveCfg = Release|Any CPU
		{13454CA2-312C-422B-998A-75604E76DFAA}.Release|x86.Build.0 = Release|Any CPU
		{D7CA7E36-C79F-4D95-9FF0-D764F1D2A77D}.Debug|Any CPU.ActiveCfg = Debug|Any CPU
		{D7CA7E36-C79F-4D95-9FF0-D764F1D2A77D}.Debug|Any CPU.Build.0 = Debug|Any CPU
		{D7CA7E36-C79F-4D95-9FF0-D764F1D2A77D}.Debug|x64.ActiveCfg = Debug|Any CPU
		{D7CA7E36-C79F-4D95-9FF0-D764F1D2A77D}.Debug|x64.Build.0 = Debug|Any CPU
		{D7CA7E36-C79F-4D95-9FF0-D764F1D2A77D}.Debug|x86.ActiveCfg = Debug|Any CPU
		{D7CA7E36-C79F-4D95-9FF0-D764F1D2A77D}.Debug|x86.Build.0 = Debug|Any CPU
		{D7CA7E36-C79F-4D95-9FF0-D764F1D2A77D}.Release|Any CPU.ActiveCfg = Release|Any CPU
		{D7CA7E36-C79F-4D95-9FF0-D764F1D2A77D}.Release|Any CPU.Build.0 = Release|Any CPU
		{D7CA7E36-C79F-4D95-9FF0-D764F1D2A77D}.Release|x64.ActiveCfg = Release|Any CPU
		{D7CA7E36-C79F-4D95-9FF0-D764F1D2A77D}.Release|x64.Build.0 = Release|Any CPU
		{D7CA7E36-C79F-4D95-9FF0-D764F1D2A77D}.Release|x86.ActiveCfg = Release|Any CPU
		{D7CA7E36-C79F-4D95-9FF0-D764F1D2A77D}.Release|x86.Build.0 = Release|Any CPU
		{9C2F7C0A-B246-480E-8156-1CCBC63276D1}.Debug|Any CPU.ActiveCfg = Debug|Any CPU
		{9C2F7C0A-B246-480E-8156-1CCBC63276D1}.Debug|Any CPU.Build.0 = Debug|Any CPU
		{9C2F7C0A-B246-480E-8156-1CCBC63276D1}.Debug|x64.ActiveCfg = Debug|Any CPU
		{9C2F7C0A-B246-480E-8156-1CCBC63276D1}.Debug|x64.Build.0 = Debug|Any CPU
		{9C2F7C0A-B246-480E-8156-1CCBC63276D1}.Debug|x86.ActiveCfg = Debug|Any CPU
		{9C2F7C0A-B246-480E-8156-1CCBC63276D1}.Debug|x86.Build.0 = Debug|Any CPU
		{9C2F7C0A-B246-480E-8156-1CCBC63276D1}.Release|Any CPU.ActiveCfg = Release|Any CPU
		{9C2F7C0A-B246-480E-8156-1CCBC63276D1}.Release|Any CPU.Build.0 = Release|Any CPU
		{9C2F7C0A-B246-480E-8156-1CCBC63276D1}.Release|x64.ActiveCfg = Release|Any CPU
		{9C2F7C0A-B246-480E-8156-1CCBC63276D1}.Release|x64.Build.0 = Release|Any CPU
		{9C2F7C0A-B246-480E-8156-1CCBC63276D1}.Release|x86.ActiveCfg = Release|Any CPU
		{9C2F7C0A-B246-480E-8156-1CCBC63276D1}.Release|x86.Build.0 = Release|Any CPU
	EndGlobalSection
	GlobalSection(SolutionProperties) = preSolution
		HideSolutionNode = FALSE
	EndGlobalSection
	GlobalSection(ExtensibilityGlobals) = postSolution
		SolutionGuid = {31D0020C-D5EF-4076-92F5-23543769390E}
	EndGlobalSection
EndGlobal
